
Microsoft Visual Studio Solution File, Format Version 12.00
# Visual Studio Version 17
VisualStudioVersion = 17.9.34622.214
MinimumVisualStudioVersion = 10.0.40219.1
Project("{9A19103F-16F7-4668-BE54-9A1E7A4F7556}") = "ProfiraClinicWeb", "ProfiraClinicWeb\ProfiraClinicWeb\ProfiraClinicWeb.csproj", "{C7254587-E31F-433B-B277-2036B36A9D95}"
EndProject
Project("{9A19103F-16F7-4668-BE54-9A1E7A4F7556}") = "ProfiraClinicWeb.Client", "ProfiraClinicWeb\ProfiraClinicWeb.Client\ProfiraClinicWeb.Client.csproj", "{3BB1D243-DE33-4CF0-ABE5-E3CB23D7732F}"
EndProject
Project("{FAE04EC0-301F-11D3-BF4B-00C04F79EFBC}") = "ProfiraClinicWebAPI", "ProfiraClinicWebAPI\ProfiraClinicWebAPI.csproj", "{7B9DC6AE-C3EA-43CF-9BB5-D41DFD9E255B}"
EndProject
Project("{FAE04EC0-301F-11D3-BF4B-00C04F79EFBC}") = "ProfiraClinic.Models", "Model\ProfiraClinic.Models.csproj", "{2D1D18B1-3B11-469A-AEB0-57410244FF44}"
EndProject
Project("{FAE04EC0-301F-11D3-BF4B-00C04F79EFBC}") = "ProfiraClinicWebChildAPI", "ProfiraClinicWebChildAPI\ProfiraClinicWebChildAPI.csproj", "{BBE8AD38-5515-4231-B276-BAA60C01B634}"
	ProjectSection(ProjectDependencies) = postProject
		{2D1D18B1-3B11-469A-AEB0-57410244FF44} = {2D1D18B1-3B11-469A-AEB0-57410244FF44}
	EndProjectSection
EndProject
Project("{FAE04EC0-301F-11D3-BF4B-00C04F79EFBC}") = "ProfiraClinicRME", "ProfiraClinicRME\ProfiraClinicRME.csproj", "{CB54D9EB-3C8A-45A5-9F32-67F9BA407AC3}"
EndProject
Global
	GlobalSection(SolutionConfigurationPlatforms) = preSolution
		Debug|Any CPU = Debug|Any CPU
		Release|Any CPU = Release|Any CPU
	EndGlobalSection
	GlobalSection(ProjectConfigurationPlatforms) = postSolution
		{C7254587-E31F-433B-B277-2036B36A9D95}.Debug|Any CPU.ActiveCfg = Debug|Any CPU
		{C7254587-E31F-433B-B277-2036B36A9D95}.Debug|Any CPU.Build.0 = Debug|Any CPU
		{C7254587-E31F-433B-B277-2036B36A9D95}.Release|Any CPU.ActiveCfg = Release|Any CPU
		{C7254587-E31F-433B-B277-2036B36A9D95}.Release|Any CPU.Build.0 = Release|Any CPU
		{3BB1D243-DE33-4CF0-ABE5-E3CB23D7732F}.Debug|Any CPU.ActiveCfg = Debug|Any CPU
		{3BB1D243-DE33-4CF0-ABE5-E3CB23D7732F}.Debug|Any CPU.Build.0 = Debug|Any CPU
		{3BB1D243-DE33-4CF0-ABE5-E3CB23D7732F}.Release|Any CPU.ActiveCfg = Release|Any CPU
		{3BB1D243-DE33-4CF0-ABE5-E3CB23D7732F}.Release|Any CPU.Build.0 = Release|Any CPU
		{7B9DC6AE-C3EA-43CF-9BB5-D41DFD9E255B}.Debug|Any CPU.ActiveCfg = Debug|Any CPU
		{7B9DC6AE-C3EA-43CF-9BB5-D41DFD9E255B}.Debug|Any CPU.Build.0 = Debug|Any CPU
		{7B9DC6AE-C3EA-43CF-9BB5-D41DFD9E255B}.Release|Any CPU.ActiveCfg = Release|Any CPU
		{7B9DC6AE-C3EA-43CF-9BB5-D41DFD9E255B}.Release|Any CPU.Build.0 = Release|Any CPU
		{2D1D18B1-3B11-469A-AEB0-57410244FF44}.Debug|Any CPU.ActiveCfg = Debug|Any CPU
		{2D1D18B1-3B11-469A-AEB0-57410244FF44}.Debug|Any CPU.Build.0 = Debug|Any CPU
		{2D1D18B1-3B11-469A-AEB0-57410244FF44}.Release|Any CPU.ActiveCfg = Release|Any CPU
		{2D1D18B1-3B11-469A-AEB0-57410244FF44}.Release|Any CPU.Build.0 = Release|Any CPU
		{BBE8AD38-5515-4231-B276-BAA60C01B634}.Debug|Any CPU.ActiveCfg = Debug|Any CPU
		{BBE8AD38-5515-4231-B276-BAA60C01B634}.Debug|Any CPU.Build.0 = Debug|Any CPU
		{BBE8AD38-5515-4231-B276-BAA60C01B634}.Release|Any CPU.ActiveCfg = Release|Any CPU
		{BBE8AD38-5515-4231-B276-BAA60C01B634}.Release|Any CPU.Build.0 = Release|Any CPU
		{CB54D9EB-3C8A-45A5-9F32-67F9BA407AC3}.Debug|Any CPU.ActiveCfg = Debug|Any CPU
		{CB54D9EB-3C8A-45A5-9F32-67F9BA407AC3}.Debug|Any CPU.Build.0 = Debug|Any CPU
		{CB54D9EB-3C8A-45A5-9F32-67F9BA407AC3}.Release|Any CPU.ActiveCfg = Release|Any CPU
		{CB54D9EB-3C8A-45A5-9F32-67F9BA407AC3}.Release|Any CPU.Build.0 = Release|Any CPU
	EndGlobalSection
	GlobalSection(SolutionProperties) = preSolution
		HideSolutionNode = FALSE
	EndGlobalSection
	GlobalSection(ExtensibilityGlobals) = postSolution
		SolutionGuid = {19680687-FFC8-4CD4-9A43-56E3773AD9BF}
	EndGlobalSection
EndGlobal
